# THIS IS AN AUTOGENERATED FILE. DO NOT EDIT THIS FILE DIRECTLY.
# yarn lockfile v1


"@mantine/colors-generator@^8.1.1":
  version "8.1.1"
  resolved "https://registry.yarnpkg.com/@mantine/colors-generator/-/colors-generator-8.1.1.tgz#9fca55e461c9fd7905803f9f6f4ad90562718648"
  integrity sha512-C2mxqdkFme4lbmNFKSaK1kwTUTK0q1CmHWyheUG/2xVT1P6da+fQvnfzzs32k8I3jubK5Toy25+XxWXQ+4w9vw==
